<?xml version="1.0" encoding="utf-8"?>
<Project ToolsVersion="4.0" xmlns="http://schemas.microsoft.com/developer/msbuild/2003">
  <ItemGroup>
    <ClCompile Include="Source\sceneFactory.cpp" />
    <ClCompile Include="Library\app.cpp">
      <Filter>Library</Filter>
    </ClCompile>
    <ClCompile Include="Library\sceneManager.cpp">
      <Filter>Library</Filter>
    </ClCompile>
    <ClCompile Include="Library\main.cpp">
      <Filter>Library</Filter>
    </ClCompile>
    <ClCompile Include="Source\playScene.cpp">
      <Filter>PlayScene</Filter>
    </ClCompile>
    <ClCompile Include="Library\sceneBase.cpp">
      <Filter>Library</Filter>
    </ClCompile>
    <ClCompile Include="Source\character.cpp" />
    <ClCompile Include="Source\IsHit.cpp">
      <Filter>PlayScene</Filter>
    </ClCompile>
    <ClCompile Include="Source\BootScene\bootScene.cpp">
      <Filter>BootScene</Filter>
    </ClCompile>
    <ClCompile Include="Source\Common\debugScreen.cpp">
      <Filter>common</Filter>
    </ClCompile>
    <ClCompile Include="Source\Common\Effect\effect.cpp">
      <Filter>common\Effect</Filter>
    </ClCompile>
    <ClCompile Include="Source\Common\Effect\effectManager.cpp">
      <Filter>common\Effect</Filter>
    </ClCompile>
    <ClCompile Include="Source\Enemy\enemy.cpp">
      <Filter>PlayScene\enemy</Filter>
    </ClCompile>
    <ClCompile Include="Source\Enemy\Shot\shot.cpp">
      <Filter>PlayScene\enemy\Shot</Filter>
    </ClCompile>
    <ClCompile Include="Source\Enemy\Shot\shotManager.cpp">
      <Filter>PlayScene\enemy\Shot</Filter>
    </ClCompile>
    <ClCompile Include="Source\Player\player.cpp">
      <Filter>PlayScene\player</Filter>
    </ClCompile>
    <ClCompile Include="Source\Camera\camera.cpp">
      <Filter>PlayScene\Camera</Filter>
    </ClCompile>
    <ClCompile Include="Source\Floor\floor.cpp">
      <Filter>PlayScene\Floor</Filter>
    </ClCompile>
    <ClCompile Include="Source\Light\light.cpp">
      <Filter>PlayScene\Light</Filter>
    </ClCompile>
    <ClCompile Include="Source\Title\titleScene.cpp">
      <Filter>TitleScene</Filter>
    </ClCompile>
    <ClCompile Include="Source\ObjectBase\MovableObject.cpp">
      <Filter>PlayScene\ObjectBase</Filter>
    </ClCompile>
    <ClCompile Include="Source\ObjectBase\CharaBase.cpp">
      <Filter>PlayScene\ObjectBase</Filter>
    </ClCompile>
  </ItemGroup>
  <ItemGroup>
    <ClInclude Include="Source\config.h" />
    <ClInclude Include="Source\sceneFactory.h" />
    <ClInclude Include="Library\app.h">
      <Filter>Library</Filter>
    </ClInclude>
    <ClInclude Include="Library\sceneManager.h">
      <Filter>Library</Filter>
    </ClInclude>
    <ClInclude Include="Library\sceneBase.h">
      <Filter>Library</Filter>
    </ClInclude>
    <ClInclude Include="Library\gameObject.h">
      <Filter>Library</Filter>
    </ClInclude>
    <ClInclude Include="Source\playScene.h">
      <Filter>PlayScene</Filter>
    </ClInclude>
    <ClInclude Include="Source\character.h" />
    <ClInclude Include="Source\isHit.h">
      <Filter>PlayScene</Filter>
    </ClInclude>
    <ClInclude Include="Source\objData.h" />
    <ClInclude Include="Library\myDxLib.h">
      <Filter>Library</Filter>
    </ClInclude>
    <ClInclude Include="Source\BootScene\bootScene.h">
      <Filter>BootScene</Filter>
    </ClInclude>
    <ClInclude Include="Source\Common\debugScreen.h">
      <Filter>common</Filter>
    </ClInclude>
    <ClInclude Include="Source\Common\Effect\effect.h">
      <Filter>common\Effect</Filter>
    </ClInclude>
    <ClInclude Include="Source\Common\Effect\effectManager.h">
      <Filter>common\Effect</Filter>
    </ClInclude>
    <ClInclude Include="Source\Enemy\enemy.h">
      <Filter>PlayScene\enemy</Filter>
    </ClInclude>
    <ClInclude Include="Source\Enemy\Shot\shot.h">
      <Filter>PlayScene\enemy\Shot</Filter>
    </ClInclude>
    <ClInclude Include="Source\Enemy\Shot\shotManager.h">
      <Filter>PlayScene\enemy\Shot</Filter>
    </ClInclude>
    <ClInclude Include="Source\Player\player.h">
      <Filter>PlayScene\player</Filter>
    </ClInclude>
    <ClInclude Include="Source\Camera\camera.h">
      <Filter>PlayScene\Camera</Filter>
    </ClInclude>
    <ClInclude Include="Source\Floor\floor.h">
      <Filter>PlayScene\Floor</Filter>
    </ClInclude>
    <ClInclude Include="Source\Light\light.h">
      <Filter>PlayScene\Light</Filter>
    </ClInclude>
    <ClInclude Include="Source\Title\titleScene.h">
      <Filter>TitleScene</Filter>
    </ClInclude>
    <ClInclude Include="Source\ObjectBase\MovableObject.h">
      <Filter>PlayScene\ObjectBase</Filter>
    </ClInclude>
    <ClInclude Include="Source\ObjectBase\CharaBase.h">
      <Filter>PlayScene\ObjectBase</Filter>
    </ClInclude>
  </ItemGroup>
  <ItemGroup>
    <Filter Include="Library">
      <UniqueIdentifier>{208c2106-181f-415c-a2e8-fa160c7f8651}</UniqueIdentifier>
    </Filter>
    <Filter Include="BootScene">
      <UniqueIdentifier>{4e7a122b-01b5-4a1f-bdd8-381c4cb2403d}</UniqueIdentifier>
    </Filter>
    <Filter Include="TitleScene">
      <UniqueIdentifier>{a52f9c67-9c6c-4376-8f4c-07a10ecbc3db}</UniqueIdentifier>
    </Filter>
    <Filter Include="PlayScene">
      <UniqueIdentifier>{8123ada4-16d1-40da-a8f3-3f9e93aafb30}</UniqueIdentifier>
    </Filter>
    <Filter Include="common">
      <UniqueIdentifier>{826397a3-7051-44be-b23c-f5dda703c9f2}</UniqueIdentifier>
    </Filter>
    <Filter Include="PlayScene\player">
      <UniqueIdentifier>{b9eb1613-74b5-4f07-8b46-86b2dd3b5c0e}</UniqueIdentifier>
    </Filter>
    <Filter Include="PlayScene\enemy">
      <UniqueIdentifier>{f7887ae6-208b-4c05-82e4-cf1bf5d6b7a0}</UniqueIdentifier>
    </Filter>
    <Filter Include="common\Effect">
      <UniqueIdentifier>{b7bde26d-9ebd-49f9-b1d2-11d002084fbb}</UniqueIdentifier>
    </Filter>
    <Filter Include="PlayScene\enemy\Shot">
      <UniqueIdentifier>{6ff295de-8dd7-422e-96d3-b712d3bda977}</UniqueIdentifier>
    </Filter>
    <Filter Include="PlayScene\Camera">
      <UniqueIdentifier>{1a894803-8e17-4d04-9f0d-4a25d79cf956}</UniqueIdentifier>
    </Filter>
    <Filter Include="PlayScene\Floor">
      <UniqueIdentifier>{f37a87f1-d884-41bd-8629-d4c2eb667f3f}</UniqueIdentifier>
    </Filter>
    <Filter Include="PlayScene\Light">
      <UniqueIdentifier>{8f095f13-ea85-4b9b-94b3-1ca6ccafeb6b}</UniqueIdentifier>
    </Filter>
    <Filter Include="PlayScene\ObjectBase">
      <UniqueIdentifier>{4d0006ad-07cd-46ab-8526-6e3f9e9028a6}</UniqueIdentifier>
    </Filter>
  </ItemGroup>
</Project>